
Microsoft Visual Studio Solution File, Format Version 12.00
# Visual Studio Version 17
VisualStudioVersion = 17.5.002.0
MinimumVisualStudioVersion = 10.0.40219.1
Project("{9A19103F-16F7-4668-BE54-9A1E7A4F7556}") = "HTML_CSS_JS_projects_-Beginner-", "HTML_CSS_JS_projects_-Beginner-.csproj", "{17DCF2CD-99A3-4912-BE11-C47E39587F50}"
EndProject
Project("{9A19103F-16F7-4668-BE54-9A1E7A4F7556}") = "c#", "c#\c#.csproj", "{4DA7FF2B-E960-4B34-B77F-504FD07406CE}"
EndProject
Global
	GlobalSection(SolutionConfigurationPlatforms) = preSolution
		Debug|Any CPU = Debug|Any CPU
		Release|Any CPU = Release|Any CPU
	EndGlobalSection
	GlobalSection(ProjectConfigurationPlatforms) = postSolution
		{17DCF2CD-99A3-4912-BE11-C47E39587F50}.Debug|Any CPU.ActiveCfg = Debug|Any CPU
		{17DCF2CD-99A3-4912-BE11-C47E39587F50}.Debug|Any CPU.Build.0 = Debug|Any CPU
		{17DCF2CD-99A3-4912-BE11-C47E39587F50}.Release|Any CPU.ActiveCfg = Release|Any CPU
		{17DCF2CD-99A3-4912-BE11-C47E39587F50}.Release|Any CPU.Build.0 = Release|Any CPU
		{4DA7FF2B-E960-4B34-B77F-504FD07406CE}.Debug|Any CPU.ActiveCfg = Debug|Any CPU
		{4DA7FF2B-E960-4B34-B77F-504FD07406CE}.Debug|Any CPU.Build.0 = Debug|Any CPU
		{4DA7FF2B-E960-4B34-B77F-504FD07406CE}.Release|Any CPU.ActiveCfg = Release|Any CPU
		{4DA7FF2B-E960-4B34-B77F-504FD07406CE}.Release|Any CPU.Build.0 = Release|Any CPU
	EndGlobalSection
	GlobalSection(SolutionProperties) = preSolution
		HideSolutionNode = FALSE
	EndGlobalSection
	GlobalSection(ExtensibilityGlobals) = postSolution
		SolutionGuid = {F4D40C48-3443-45C5-97B3-E857CDF6FABA}
	EndGlobalSection
EndGlobal
